
Microsoft Visual Studio Solution File, Format Version 12.00
# Visual Studio Version 17
VisualStudioVersion = 17.13.35806.99 d17.13
MinimumVisualStudioVersion = 10.0.40219.1
Project("{FAE04EC0-301F-11D3-BF4B-00C04F79EFBC}") = "VeterinaryClinic.API", "VeterinaryClinic.API\VeterinaryClinic.API.csproj", "{9510F2AB-598E-45B5-BF63-7791535A7E97}"
EndProject
Global
	GlobalSection(SolutionConfigurationPlatforms) = preSolution
		Debug|Any CPU = Debug|Any CPU
		Release|Any CPU = Release|Any CPU
	EndGlobalSection
	GlobalSection(ProjectConfigurationPlatforms) = postSolution
		{9510F2AB-598E-45B5-BF63-7791535A7E97}.Debug|Any CPU.ActiveCfg = Debug|Any CPU
		{9510F2AB-598E-45B5-BF63-7791535A7E97}.Debug|Any CPU.Build.0 = Debug|Any CPU
		{9510F2AB-598E-45B5-BF63-7791535A7E97}.Release|Any CPU.ActiveCfg = Release|Any CPU
		{9510F2AB-598E-45B5-BF63-7791535A7E97}.Release|Any CPU.Build.0 = Release|Any CPU
	EndGlobalSection
	GlobalSection(SolutionProperties) = preSolution
		HideSolutionNode = FALSE
	EndGlobalSection
	GlobalSection(ExtensibilityGlobals) = postSolution
		SolutionGuid = {80F84DCF-6071-4431-AB44-47D02E1BEA16}
	EndGlobalSection
EndGlobal
